{
  "version": "5",
  "specifiers": {
    "jsr:@hono/hono@^4.6.16": "4.12.26"
  },
  "jsr": {
    "@hono/hono@4.12.26": {
      "integrity": "f473c70caaa2bb4aad40354195aef58a58c685692d701e1349d1abbf08da22bd"
    }
  },
  "workspace": {
    "dependencies": [
      "jsr:@hono/hono@^4.6.16"
    ]
  }
}
